
Microsoft Visual Studio Solution File, Format Version 12.00
# Visual Studio Version 17
VisualStudioVersion = 17.14.36705.20 d17.14
MinimumVisualStudioVersion = 10.0.40219.1
Project("{FAE04EC0-301F-11D3-BF4B-00C04F79EFBC}") = "LawEditor", "LawEditor\LawEditor.csproj", "{3965A64C-51A8-41A7-A479-E1A79BD04FA9}"
EndProject
Global
	GlobalSection(SolutionConfigurationPlatforms) = preSolution
		Debug|Any CPU = Debug|Any CPU
		Release|Any CPU = Release|Any CPU
	EndGlobalSection
	GlobalSection(ProjectConfigurationPlatforms) = postSolution
		{3965A64C-51A8-41A7-A479-E1A79BD04FA9}.Debug|Any CPU.ActiveCfg = Debug|Any CPU
		{3965A64C-51A8-41A7-A479-E1A79BD04FA9}.Debug|Any CPU.Build.0 = Debug|Any CPU
		{3965A64C-51A8-41A7-A479-E1A79BD04FA9}.Release|Any CPU.ActiveCfg = Release|Any CPU
		{3965A64C-51A8-41A7-A479-E1A79BD04FA9}.Release|Any CPU.Build.0 = Release|Any CPU
	EndGlobalSection
	GlobalSection(SolutionProperties) = preSolution
		HideSolutionNode = FALSE
	EndGlobalSection
	GlobalSection(ExtensibilityGlobals) = postSolution
		SolutionGuid = {AAB50E2A-807A-4D47-A543-B571E0A47424}
	EndGlobalSection
EndGlobal
